{
  "name": "unit-golf",
  "version": "2.0.0",
  "lockfileVersion": 3,
  "requires": true,
  "packages": {
    "": {
      "name": "unit-golf",
      "version": "2.0.0",
      "license": "MIT",
      "bin": {
        "unit-golf": "src/cli.js"
      },
      "engines": {
        "node": ">=22.12.0"
      }
    }
  }
}
